// !$*UTF8*$!
{
	archiveVersion = 1;
	classes = {
	};
	objectVersion = 46;
	objects = {

/* Begin PBXBuildFile section */
		B31EDE0915BC92DE00762881 /* UIKit.framework in Frameworks */ = {isa = PBXBuildFile; fileRef = B31EDE0815BC92DE00762881 /* UIKit.framework */; };
		B31EDE0B15BC92DE00762881 /* Foundation.framework in Frameworks */ = {isa = PBXBuildFile; fileRef = B31EDE0A15BC92DE00762881 /* Foundation.framework */; };
		B31EDE0D15BC92DE00762881 /* CoreGraphics.framework in Frameworks */ = {isa = PBXBuildFile; fileRef = B31EDE0C15BC92DE00762881 /* CoreGraphics.framework */; };
		B31EDE1315BC92DE00762881 /* InfoPlist.strings in Resources */ = {isa = PBXBuildFile; fileRef = B31EDE1115BC92DE00762881 /* InfoPlist.strings */; };
		B31EDE1515BC92DE00762881 /* main.m in Sources */ = {isa = PBXBuildFile; fileRef = B31EDE1415BC92DE00762881 /* main.m */; };
		B31EDE1915BC92DE00762881 /* CalculatorAppDelegate.m in Sources */ = {isa = PBXBuildFile; fileRef = B31EDE1815BC92DE00762881 /* CalculatorAppDelegate.m */; };
		B31EDE1C15BC92DE00762881 /* MainStoryboard.storyboard in Resources */ = {isa = PBXBuildFile; fileRef = B31EDE1A15BC92DE00762881 /* MainStoryboard.storyboard */; };
		B31EDE1F15BC92DE00762881 /* CalculatorViewController.m in Sources */ = {isa = PBXBuildFile; fileRef = B31EDE1E15BC92DE00762881 /* CalculatorViewController.m */; };
		B31EDE2715BCAA8600762881 /* CalculatorBrain.m in Sources */ = {isa = PBXBuildFile; fileRef = B31EDE2615BCAA8600762881 /* CalculatorBrain.m */; };
/* End PBXBuildFile section */

/* Begin PBXFileReference section */
		B31EDE0415BC92DE00762881 /* Calculator.app */ = {isa = PBXFileReference; explicitFileType = wrapper.application; includeInIndex = 0; path = Calculator.app; sourceTree = BUILT_PRODUCTS_DIR; };
		B31EDE0815BC92DE00762881 /* UIKit.framework */ = {isa = PBXFileReference; lastKnownFileType = wrapper.framework; name = UIKit.framework; path = System/Library/Frameworks/UIKit.framework; sourceTree = SDKROOT; };
		B31EDE0A15BC92DE00762881 /* Foundation.framework */ = {isa = PBXFileReference; lastKnownFileType = wrapper.framework; name = Foundation.framework; path = System/Library/Frameworks/Foundation.framework; sourceTree = SDKROOT; };
		B31EDE0C15BC92DE00762881 /* CoreGraphics.framework */ = {isa = PBXFileReference; lastKnownFileType = wrapper.framework; name = CoreGraphics.framework; path = System/Library/Frameworks/CoreGraphics.framework; sourceTree = SDKROOT; };
		B31EDE1015BC92DE00762881 /* Calculator-Info.plist */ = {isa = PBXFileReference; lastKnownFileType = text.plist.xml; path = "Calculator-Info.plist"; sourceTree = "<group>"; };
		B31EDE1215BC92DE00762881 /* en */ = {isa = PBXFileReference; lastKnownFileType = text.plist.strings; name = en; path = en.lproj/InfoPlist.strings; sourceTree = "<group>"; };
		B31EDE1415BC92DE00762881 /* main.m */ = {isa = PBXFileReference; lastKnownFileType = sourcecode.c.objc; path = main.m; sourceTree = "<group>"; };
		B31EDE1615BC92DE00762881 /* Calculator-Prefix.pch */ = {isa = PBXFileReference; lastKnownFileType = sourcecode.c.h; path = "Calculator-Prefix.pch"; sourceTree = "<group>"; };
		B31EDE1715BC92DE00762881 /* CalculatorAppDelegate.h */ = {isa = PBXFileReference; lastKnownFileType = sourcecode.c.h; path = CalculatorAppDelegate.h; sourceTree = "<group>"; };
		B31EDE1815BC92DE00762881 /* CalculatorAppDelegate.m */ = {isa = PBXFileReference; lastKnownFileType = sourcecode.c.objc; path = CalculatorAppDelegate.m; sourceTree = "<group>"; };
		B31EDE1B15BC92DE00762881 /* en */ = {isa = PBXFileReference; lastKnownFileType = file.storyboard; name = en; path = en.lproj/MainStoryboard.storyboard; sourceTree = "<group>"; };
		B31EDE1D15BC92DE00762881 /* CalculatorViewController.h */ = {isa = PBXFileReference; lastKnownFileType = sourcecode.c.h; path = CalculatorViewController.h; sourceTree = "<group>"; };
		B31EDE1E15BC92DE00762881 /* CalculatorViewController.m */ = {isa = PBXFileReference; lastKnownFileType = sourcecode.c.objc; path = CalculatorViewController.m; sourceTree = "<group>"; };
		B31EDE2515BCAA8600762881 /* CalculatorBrain.h */ = {isa = PBXFileReference; fileEncoding = 4; lastKnownFileType = sourcecode.c.h; path = CalculatorBrain.h; sourceTree = "<group>"; };
		B31EDE2615BCAA8600762881 /* CalculatorBrain.m */ = {isa = PBXFileReference; fileEncoding = 4; lastKnownFileType = sourcecode.c.objc; path = CalculatorBrain.m; sourceTree = "<group>"; };
/* End PBXFileReference section */

/* Begin PBXFrameworksBuildPhase section */
		B31EDE0115BC92DE00762881 /* Frameworks */ = {
			isa = PBXFrameworksBuildPhase;
			buildActionMask = 2147483647;
			files = (
				B31EDE0915BC92DE00762881 /* UIKit.framework in Frameworks */,
				B31EDE0B15BC92DE00762881 /* Foundation.framework in Frameworks */,
				B31EDE0D15BC92DE00762881 /* CoreGraphics.framework in Frameworks */,
			);
			runOnlyForDeploymentPostprocessing = 0;
		};
/* End PBXFrameworksBuildPhase section */

/* Begin PBXGroup section */
		B31EDDF915BC92DE00762881 = {
			isa = PBXGroup;
			children = (
				B31EDE0E15BC92DE00762881 /* Calculator */,
				B31EDE0715BC92DE00762881 /* Frameworks */,
				B31EDE0515BC92DE00762881 /* Products */,
			);
			sourceTree = "<group>";
		};
		B31EDE0515BC92DE00762881 /* Products */ = {
			isa = PBXGroup;
			children = (
				B31EDE0415BC92DE00762881 /* Calculator.app */,
			);
			name = Products;
			sourceTree = "<group>";
		};
		B31EDE0715BC92DE00762881 /* Frameworks */ = {
			isa = PBXGroup;
			children = (
				B31EDE0815BC92DE00762881 /* UIKit.framework */,
				B31EDE0A15BC92DE00762881 /* Foundation.framework */,
				B31EDE0C15BC92DE00762881 /* CoreGraphics.framework */,
			);
			name = Frameworks;
			sourceTree = "<group>";
		};
		B31EDE0E15BC92DE00762881 /* Calculator */ = {
			isa = PBXGroup;
			children = (
				B31EDE1715BC92DE00762881 /* CalculatorAppDelegate.h */,
				B31EDE1815BC92DE00762881 /* CalculatorAppDelegate.m */,
				B31EDE1A15BC92DE00762881 /* MainStoryboard.storyboard */,
				B31EDE2515BCAA8600762881 /* CalculatorBrain.h */,
				B31EDE2615BCAA8600762881 /* CalculatorBrain.m */,
				B31EDE1D15BC92DE00762881 /* CalculatorViewController.h */,
				B31EDE1E15BC92DE00762881 /* CalculatorViewController.m */,
				B31EDE0F15BC92DE00762881 /* Supporting Files */,
			);
			path = Calculator;
			sourceTree = "<group>";
		};
		B31EDE0F15BC92DE00762881 /* Supporting Files */ = {
			isa = PBXGroup;
			children = (
				B31EDE1015BC92DE00762881 /* Calculator-Info.plist */,
				B31EDE1115BC92DE00762881 /* InfoPlist.strings */,
				B31EDE1415BC92DE00762881 /* main.m */,
				B31EDE1615BC92DE00762881 /* Calculator-Prefix.pch */,
			);
			name = "Supporting Files";
			sourceTree = "<group>";
		};
/* End PBXGroup section */

/* Begin PBXNativeTarget section */
		B31EDE0315BC92DE00762881 /* Calculator */ = {
			isa = PBXNativeTarget;
			buildConfigurationList = B31EDE2215BC92DE00762881 /* Build configuration list for PBXNativeTarget "Calculator" */;
			buildPhases = (
				B31EDE0015BC92DE00762881 /* Sources */,
				B31EDE0115BC92DE00762881 /* Frameworks */,
				B31EDE0215BC92DE00762881 /* Resources */,
			);
			buildRules = (
			);
			dependencies = (
			);
			name = Calculator;
			productName = Calculator;
			productReference = B31EDE0415BC92DE00762881 /* Calculator.app */;
			productType = "com.apple.product-type.application";
		};
/* End PBXNativeTarget section */

/* Begin PBXProject section */
		B31EDDFB15BC92DE00762881 /* Project object */ = {
			isa = PBXProject;
			attributes = {
				CLASSPREFIX = Calculator;
				LastUpgradeCheck = 0430;
			};
			buildConfigurationList = B31EDDFE15BC92DE00762881 /* Build configuration list for PBXProject "Calculator" */;
			compatibilityVersion = "Xcode 3.2";
			developmentRegion = English;
			hasScannedForEncodings = 0;
			knownRegions = (
				en,
			);
			mainGroup = B31EDDF915BC92DE00762881;
			productRefGroup = B31EDE0515BC92DE00762881 /* Products */;
			projectDirPath = "";
			projectRoot = "";
			targets = (
				B31EDE0315BC92DE00762881 /* Calculator */,
			);
		};
/* End PBXProject section */

/* Begin PBXResourcesBuildPhase section */
		B31EDE0215BC92DE00762881 /* Resources */ = {
			isa = PBXResourcesBuildPhase;
			buildActionMask = 2147483647;
			files = (
				B31EDE1315BC92DE00762881 /* InfoPlist.strings in Resources */,
				B31EDE1C15BC92DE00762881 /* MainStoryboard.storyboard in Resources */,
			);
			runOnlyForDeploymentPostprocessing = 0;
		};
/* End PBXResourcesBuildPhase section */

/* Begin PBXSourcesBuildPhase section */
		B31EDE0015BC92DE00762881 /* Sources */ = {
			isa = PBXSourcesBuildPhase;
			buildActionMask = 2147483647;
			files = (
				B31EDE1515BC92DE00762881 /* main.m in Sources */,
				B31EDE1915BC92DE00762881 /* CalculatorAppDelegate.m in Sources */,
				B31EDE1F15BC92DE00762881 /* CalculatorViewController.m in Sources */,
				B31EDE2715BCAA8600762881 /* CalculatorBrain.m in Sources */,
			);
			runOnlyForDeploymentPostprocessing = 0;
		};
/* End PBXSourcesBuildPhase section */

/* Begin PBXVariantGroup section */
		B31EDE1115BC92DE00762881 /* InfoPlist.strings */ = {
			isa = PBXVariantGroup;
			children = (
				B31EDE1215BC92DE00762881 /* en */,
			);
			name = InfoPlist.strings;
			sourceTree = "<group>";
		};
		B31EDE1A15BC92DE00762881 /* MainStoryboard.storyboard */ = {
			isa = PBXVariantGroup;
			children = (
				B31EDE1B15BC92DE00762881 /* en */,
			);
			name = MainStoryboard.storyboard;
			sourceTree = "<group>";
		};
/* End PBXVariantGroup section */

/* Begin XCBuildConfiguration section */
		B31EDE2015BC92DE00762881 /* Debug */ = {
			isa = XCBuildConfiguration;
			buildSettings = {
				ALWAYS_SEARCH_USER_PATHS = NO;
				ARCHS = "$(ARCHS_STANDARD_32_BIT)";
				CLANG_ENABLE_OBJC_ARC = YES;
				"CODE_SIGN_IDENTITY[sdk=iphoneos*]" = "iPhone Developer";
				COPY_PHASE_STRIP = NO;
				GCC_C_LANGUAGE_STANDARD = gnu99;
				GCC_DYNAMIC_NO_PIC = NO;
				GCC_OPTIMIZATION_LEVEL = 0;
				GCC_PREPROCESSOR_DEFINITIONS = (
					"DEBUG=1",
					"$(inherited)",
				);
				GCC_SYMBOLS_PRIVATE_EXTERN = NO;
				GCC_VERSION = com.apple.compilers.llvm.clang.1_0;
				GCC_WARN_ABOUT_RETURN_TYPE = YES;
				GCC_WARN_UNINITIALIZED_AUTOS = YES;
				GCC_WARN_UNUSED_VARIABLE = YES;
				IPHONEOS_DEPLOYMENT_TARGET = 5.1;
				SDKROOT = iphoneos;
			};
			name = Debug;
		};
		B31EDE2115BC92DE00762881 /* Release */ = {
			isa = XCBuildConfiguration;
			buildSettings = {
				ALWAYS_SEARCH_USER_PATHS = NO;
				ARCHS = "$(ARCHS_STANDARD_32_BIT)";
				CLANG_ENABLE_OBJC_ARC = YES;
				"CODE_SIGN_IDENTITY[sdk=iphoneos*]" = "iPhone Developer";
				COPY_PHASE_STRIP = YES;
				GCC_C_LANGUAGE_STANDARD = gnu99;
				GCC_VERSION = com.apple.compilers.llvm.clang.1_0;
				GCC_WARN_ABOUT_RETURN_TYPE = YES;
				GCC_WARN_UNINITIALIZED_AUTOS = YES;
				GCC_WARN_UNUSED_VARIABLE = YES;
				IPHONEOS_DEPLOYMENT_TARGET = 5.1;
				OTHER_CFLAGS = "-DNS_BLOCK_ASSERTIONS=1";
				SDKROOT = iphoneos;
				VALIDATE_PRODUCT = YES;
			};
			name = Release;
		};
		B31EDE2315BC92DE00762881 /* Debug */ = {
			isa = XCBuildConfiguration;
			buildSettings = {
				GCC_PRECOMPILE_PREFIX_HEADER = YES;
				GCC_PREFIX_HEADER = "Calculator/Calculator-Prefix.pch";
				INFOPLIST_FILE = "Calculator/Calculator-Info.plist";
				PRODUCT_NAME = "$(TARGET_NAME)";
				WRAPPER_EXTENSION = app;
			};
			name = Debug;
		};
		B31EDE2415BC92DE00762881 /* Release */ = {
			isa = XCBuildConfiguration;
			buildSettings = {
				GCC_PRECOMPILE_PREFIX_HEADER = YES;
				GCC_PREFIX_HEADER = "Calculator/Calculator-Prefix.pch";
				INFOPLIST_FILE = "Calculator/Calculator-Info.plist";
				PRODUCT_NAME = "$(TARGET_NAME)";
				WRAPPER_EXTENSION = app;
			};
			name = Release;
		};
/* End XCBuildConfiguration section */

/* Begin XCConfigurationList section */
		B31EDDFE15BC92DE00762881 /* Build configuration list for PBXProject "Calculator" */ = {
			isa = XCConfigurationList;
			buildConfigurations = (
				B31EDE2015BC92DE00762881 /* Debug */,
				B31EDE2115BC92DE00762881 /* Release */,
			);
			defaultConfigurationIsVisible = 0;
			defaultConfigurationName = Release;
		};
		B31EDE2215BC92DE00762881 /* Build configuration list for PBXNativeTarget "Calculator" */ = {
			isa = XCConfigurationList;
			buildConfigurations = (
				B31EDE2315BC92DE00762881 /* Debug */,
				B31EDE2415BC92DE00762881 /* Release */,
			);
			defaultConfigurationIsVisible = 0;
			defaultConfigurationName = Release;
		};
/* End XCConfigurationList section */
	};
	rootObject = B31EDDFB15BC92DE00762881 /* Project object */;
}
